
Microsoft Visual Studio Solution File, Format Version 12.00
# Visual Studio Version 17
VisualStudioVersion = 17.0.32112.339
MinimumVisualStudioVersion = 10.0.40219.1
Project("{9A19103F-16F7-4668-BE54-9A1E7A4F7556}") = "MySqlNet", "MySqlNet.csproj", "{EBC8C913-9ACE-4E2D-B985-FA0E49DC373C}"
EndProject
Global
	GlobalSection(SolutionConfigurationPlatforms) = preSolution
		Debug|Any CPU = Debug|Any CPU
		Release|Any CPU = Release|Any CPU
	EndGlobalSection
	GlobalSection(ProjectConfigurationPlatforms) = postSolution
		{EBC8C913-9ACE-4E2D-B985-FA0E49DC373C}.Debug|Any CPU.ActiveCfg = Debug|Any CPU
		{EBC8C913-9ACE-4E2D-B985-FA0E49DC373C}.Debug|Any CPU.Build.0 = Debug|Any CPU
		{EBC8C913-9ACE-4E2D-B985-FA0E49DC373C}.Release|Any CPU.ActiveCfg = Release|Any CPU
		{EBC8C913-9ACE-4E2D-B985-FA0E49DC373C}.Release|Any CPU.Build.0 = Release|Any CPU
	EndGlobalSection
	GlobalSection(SolutionProperties) = preSolution
		HideSolutionNode = FALSE
	EndGlobalSection
	GlobalSection(ExtensibilityGlobals) = postSolution
		SolutionGuid = {4D03B6E5-C29F-437A-9F91-76CD0A6EBBD4}
	EndGlobalSection
EndGlobal
